
Microsoft Visual Studio Solution File, Format Version 12.00
# Visual Studio Version 17
VisualStudioVersion = 17.4.33110.190
MinimumVisualStudioVersion = 10.0.40219.1
Project("{9A19103F-16F7-4668-BE54-9A1E7A4F7556}") = "AdventOfCode", "AdventOfCode\AdventOfCode.csproj", "{CB74E5BD-FB23-4539-822A-728CB06B915A}"
EndProject
Project("{FAE04EC0-301F-11D3-BF4B-00C04F79EFBC}") = "AdventOfCode.Tests", "AdventOfCode.Tests\AdventOfCode.Tests.csproj", "{64AD8FCA-C057-4563-A437-E8E266EC44F0}"
EndProject
Global
	GlobalSection(SolutionConfigurationPlatforms) = preSolution
		Debug|Any CPU = Debug|Any CPU
		Release|Any CPU = Release|Any CPU
	EndGlobalSection
	GlobalSection(ProjectConfigurationPlatforms) = postSolution
		{CB74E5BD-FB23-4539-822A-728CB06B915A}.Debug|Any CPU.ActiveCfg = Debug|Any CPU
		{CB74E5BD-FB23-4539-822A-728CB06B915A}.Debug|Any CPU.Build.0 = Debug|Any CPU
		{CB74E5BD-FB23-4539-822A-728CB06B915A}.Release|Any CPU.ActiveCfg = Release|Any CPU
		{CB74E5BD-FB23-4539-822A-728CB06B915A}.Release|Any CPU.Build.0 = Release|Any CPU
		{64AD8FCA-C057-4563-A437-E8E266EC44F0}.Debug|Any CPU.ActiveCfg = Debug|Any CPU
		{64AD8FCA-C057-4563-A437-E8E266EC44F0}.Debug|Any CPU.Build.0 = Debug|Any CPU
		{64AD8FCA-C057-4563-A437-E8E266EC44F0}.Release|Any CPU.ActiveCfg = Release|Any CPU
		{64AD8FCA-C057-4563-A437-E8E266EC44F0}.Release|Any CPU.Build.0 = Release|Any CPU
	EndGlobalSection
	GlobalSection(SolutionProperties) = preSolution
		HideSolutionNode = FALSE
	EndGlobalSection
	GlobalSection(ExtensibilityGlobals) = postSolution
		SolutionGuid = {9B2D77DC-E0FC-4AC9-8BB9-06EB4DAD60A2}
	EndGlobalSection
EndGlobal
